
Microsoft Visual Studio Solution File, Format Version 12.00
# Visual Studio Version 17
VisualStudioVersion = 17.10.35122.118
MinimumVisualStudioVersion = 10.0.40219.1
Project("{FAE04EC0-301F-11D3-BF4B-00C04F79EFBC}") = "GUI", "Presentacion\GUI.csproj", "{17E7115A-03FB-41A3-8701-AF15B040F1E1}"
EndProject
Project("{FAE04EC0-301F-11D3-BF4B-00C04F79EFBC}") = "DAL", "DAL\DAL.csproj", "{212F0A37-09F7-40BF-907A-67CC67968C6D}"
EndProject
Project("{FAE04EC0-301F-11D3-BF4B-00C04F79EFBC}") = "BLL", "BLL\BLL.csproj", "{E68D8E2C-22FD-4BA6-BCE0-E00C80353B4F}"
EndProject
Project("{FAE04EC0-301F-11D3-BF4B-00C04F79EFBC}") = "ENTITY", "ENTITY\ENTITY.csproj", "{50DFEE0E-8E80-4E73-B3DE-75C56CB1D7E5}"
EndProject
Project("{FAE04EC0-301F-11D3-BF4B-00C04F79EFBC}") = "Prueba", "Prueba\Prueba.csproj", "{78E714C1-7103-467E-9702-9E475F4CF503}"
EndProject
Global
	GlobalSection(SolutionConfigurationPlatforms) = preSolution
		Debug|Any CPU = Debug|Any CPU
		Release|Any CPU = Release|Any CPU
	EndGlobalSection
	GlobalSection(ProjectConfigurationPlatforms) = postSolution
		{17E7115A-03FB-41A3-8701-AF15B040F1E1}.Debug|Any CPU.ActiveCfg = Debug|Any CPU
		{17E7115A-03FB-41A3-8701-AF15B040F1E1}.Debug|Any CPU.Build.0 = Debug|Any CPU
		{17E7115A-03FB-41A3-8701-AF15B040F1E1}.Release|Any CPU.ActiveCfg = Release|Any CPU
		{17E7115A-03FB-41A3-8701-AF15B040F1E1}.Release|Any CPU.Build.0 = Release|Any CPU
		{212F0A37-09F7-40BF-907A-67CC67968C6D}.Debug|Any CPU.ActiveCfg = Debug|Any CPU
		{212F0A37-09F7-40BF-907A-67CC67968C6D}.Debug|Any CPU.Build.0 = Debug|Any CPU
		{212F0A37-09F7-40BF-907A-67CC67968C6D}.Release|Any CPU.ActiveCfg = Release|Any CPU
		{212F0A37-09F7-40BF-907A-67CC67968C6D}.Release|Any CPU.Build.0 = Release|Any CPU
		{E68D8E2C-22FD-4BA6-BCE0-E00C80353B4F}.Debug|Any CPU.ActiveCfg = Debug|Any CPU
		{E68D8E2C-22FD-4BA6-BCE0-E00C80353B4F}.Debug|Any CPU.Build.0 = Debug|Any CPU
		{E68D8E2C-22FD-4BA6-BCE0-E00C80353B4F}.Release|Any CPU.ActiveCfg = Release|Any CPU
		{E68D8E2C-22FD-4BA6-BCE0-E00C80353B4F}.Release|Any CPU.Build.0 = Release|Any CPU
		{50DFEE0E-8E80-4E73-B3DE-75C56CB1D7E5}.Debug|Any CPU.ActiveCfg = Debug|Any CPU
		{50DFEE0E-8E80-4E73-B3DE-75C56CB1D7E5}.Debug|Any CPU.Build.0 = Debug|Any CPU
		{50DFEE0E-8E80-4E73-B3DE-75C56CB1D7E5}.Release|Any CPU.ActiveCfg = Release|Any CPU
		{50DFEE0E-8E80-4E73-B3DE-75C56CB1D7E5}.Release|Any CPU.Build.0 = Release|Any CPU
		{78E714C1-7103-467E-9702-9E475F4CF503}.Debug|Any CPU.ActiveCfg = Debug|Any CPU
		{78E714C1-7103-467E-9702-9E475F4CF503}.Debug|Any CPU.Build.0 = Debug|Any CPU
		{78E714C1-7103-467E-9702-9E475F4CF503}.Release|Any CPU.ActiveCfg = Release|Any CPU
		{78E714C1-7103-467E-9702-9E475F4CF503}.Release|Any CPU.Build.0 = Release|Any CPU
	EndGlobalSection
	GlobalSection(SolutionProperties) = preSolution
		HideSolutionNode = FALSE
	EndGlobalSection
	GlobalSection(ExtensibilityGlobals) = postSolution
		SolutionGuid = {2CAEDFA9-B896-4586-BA8C-AA897AE1867F}
	EndGlobalSection
EndGlobal
